PODS:
  - FMDB (2.6.2):
    - FMDB/standard (= 2.6.2)
  - FMDB/standard (2.6.2)
  - LEFoundation (0.1.6)
  - LEUIMaker (0.1.5):
    - FMDB
    - LEFoundation
  - SDWebImage (4.0.0):
    - SDWebImage/Core (= 4.0.0)
  - SDWebImage/Core (4.0.0)

DEPENDENCIES:
  - LEUIMaker (from `../`)
  - SDWebImage

EXTERNAL SOURCES:
  LEUIMaker:
    :path: "../"

SPEC CHECKSUMS:
  FMDB: 854a0341b4726e53276f2a8996f06f1b80f9259a
  LEFoundation: b43e5862ffeb03a2f1e126ac000f3ee9d7a99898
  LEUIMaker: '011292a5da035dbfccbc1ef9515fa426286e1624'
  SDWebImage: 76a6348bdc74eb5a55dd08a091ef298e56b55e41

PODFILE CHECKSUM: 3ab38e717be664eb22119304920dbb5bf518a943

COCOAPODS: 1.2.0
