PODS:
  - LEFoundation (0.1.2)
  - LEUIMaker (0.1.2):
    - LEFoundation
    - UITableView+FDTemplateLayoutCell
  - UITableView+FDTemplateLayoutCell (1.4)

DEPENDENCIES:
  - LEUIMaker (from `../`)

EXTERNAL SOURCES:
  LEUIMaker:
    :path: "../"

SPEC CHECKSUMS:
  LEFoundation: 0ae39ec6fa64da7f670962345ec6e7323993e4ba
  LEUIMaker: 441ab11020932d955780ea37ca769cf31bed2fd2
  UITableView+FDTemplateLayoutCell: 234e1582bcc4e18461af91155123bb96538ed030

PODFILE CHECKSUM: 2e974ed59d03f8829123d1edb6e72b2630407de0

COCOAPODS: 1.1.1
