// !$*UTF8*$!
{
	archiveVersion = 1;
	classes = {
	};
	objectVersion = 46;
	objects = {

/* Begin PBXBuildFile section */
		14242AD7CF1C3E4EFD45D715 /* Pods_LEUIMaker_Test.framework in Frameworks */ = {isa = PBXBuildFile; fileRef = C3D7E9EA8F48293F237E9E06 /* Pods_LEUIMaker_Test.framework */; };
		8026F90C1DEE7A500087E88A /* navi_back_gray@3x.png in Resources */ = {isa = PBXBuildFile; fileRef = 8026F90A1DEE7A500087E88A /* navi_back_gray@3x.png */; };
		8026F90D1DEE7A500087E88A /* navi_back_gray@2x.png in Resources */ = {isa = PBXBuildFile; fileRef = 8026F90B1DEE7A500087E88A /* navi_back_gray@2x.png */; };
		8026F9101DEE80E50087E88A /* common_arrow_gray@3x.png in Resources */ = {isa = PBXBuildFile; fileRef = 8026F90E1DEE80E50087E88A /* common_arrow_gray@3x.png */; };
		8026F9111DEE80E50087E88A /* common_arrow_gray@2x.png in Resources */ = {isa = PBXBuildFile; fileRef = 8026F90F1DEE80E50087E88A /* common_arrow_gray@2x.png */; };
		80291C481DFA5CF4001A6861 /* LEEmoji.m in Sources */ = {isa = PBXBuildFile; fileRef = 80291C2E1DFA5CF4001A6861 /* LEEmoji.m */; };
		80291C491DFA5CF4001A6861 /* emoji_icon_activity@2x.png in Resources */ = {isa = PBXBuildFile; fileRef = 80291C301DFA5CF4001A6861 /* emoji_icon_activity@2x.png */; };
		80291C4A1DFA5CF4001A6861 /* emoji_icon_activity@3x.png in Resources */ = {isa = PBXBuildFile; fileRef = 80291C311DFA5CF4001A6861 /* emoji_icon_activity@3x.png */; };
		80291C4B1DFA5CF4001A6861 /* emoji_icon_animals@2x.png in Resources */ = {isa = PBXBuildFile; fileRef = 80291C321DFA5CF4001A6861 /* emoji_icon_animals@2x.png */; };
		80291C4C1DFA5CF4001A6861 /* emoji_icon_animals@3x.png in Resources */ = {isa = PBXBuildFile; fileRef = 80291C331DFA5CF4001A6861 /* emoji_icon_animals@3x.png */; };
		80291C4D1DFA5CF4001A6861 /* emoji_icon_delete@2x.png in Resources */ = {isa = PBXBuildFile; fileRef = 80291C341DFA5CF4001A6861 /* emoji_icon_delete@2x.png */; };
		80291C4E1DFA5CF4001A6861 /* emoji_icon_delete@3x.png in Resources */ = {isa = PBXBuildFile; fileRef = 80291C351DFA5CF4001A6861 /* emoji_icon_delete@3x.png */; };
		80291C4F1DFA5CF4001A6861 /* emoji_icon_flags@2x.png in Resources */ = {isa = PBXBuildFile; fileRef = 80291C361DFA5CF4001A6861 /* emoji_icon_flags@2x.png */; };
		80291C501DFA5CF4001A6861 /* emoji_icon_flags@3x.png in Resources */ = {isa = PBXBuildFile; fileRef = 80291C371DFA5CF4001A6861 /* emoji_icon_flags@3x.png */; };
		80291C511DFA5CF4001A6861 /* emoji_icon_food@2x.png in Resources */ = {isa = PBXBuildFile; fileRef = 80291C381DFA5CF4001A6861 /* emoji_icon_food@2x.png */; };
		80291C521DFA5CF4001A6861 /* emoji_icon_food@3x.png in Resources */ = {isa = PBXBuildFile; fileRef = 80291C391DFA5CF4001A6861 /* emoji_icon_food@3x.png */; };
		80291C531DFA5CF4001A6861 /* emoji_icon_history@2x.png in Resources */ = {isa = PBXBuildFile; fileRef = 80291C3A1DFA5CF4001A6861 /* emoji_icon_history@2x.png */; };
		80291C541DFA5CF4001A6861 /* emoji_icon_history@3x.png in Resources */ = {isa = PBXBuildFile; fileRef = 80291C3B1DFA5CF4001A6861 /* emoji_icon_history@3x.png */; };
		80291C551DFA5CF4001A6861 /* emoji_icon_objects@2x.png in Resources */ = {isa = PBXBuildFile; fileRef = 80291C3C1DFA5CF4001A6861 /* emoji_icon_objects@2x.png */; };
		80291C561DFA5CF4001A6861 /* emoji_icon_objects@3x.png in Resources */ = {isa = PBXBuildFile; fileRef = 80291C3D1DFA5CF4001A6861 /* emoji_icon_objects@3x.png */; };
		80291C571DFA5CF4001A6861 /* emoji_icon_smileys@2x.png in Resources */ = {isa = PBXBuildFile; fileRef = 80291C3E1DFA5CF4001A6861 /* emoji_icon_smileys@2x.png */; };
		80291C581DFA5CF4001A6861 /* emoji_icon_smileys@3x.png in Resources */ = {isa = PBXBuildFile; fileRef = 80291C3F1DFA5CF4001A6861 /* emoji_icon_smileys@3x.png */; };
		80291C591DFA5CF4001A6861 /* emoji_icon_switchtoemoji@2x.png in Resources */ = {isa = PBXBuildFile; fileRef = 80291C401DFA5CF4001A6861 /* emoji_icon_switchtoemoji@2x.png */; };
		80291C5A1DFA5CF4001A6861 /* emoji_icon_switchtoemoji@3x.png in Resources */ = {isa = PBXBuildFile; fileRef = 80291C411DFA5CF4001A6861 /* emoji_icon_switchtoemoji@3x.png */; };
		80291C5B1DFA5CF4001A6861 /* emoji_icon_switchtokeyboard@2x.png in Resources */ = {isa = PBXBuildFile; fileRef = 80291C421DFA5CF4001A6861 /* emoji_icon_switchtokeyboard@2x.png */; };
		80291C5C1DFA5CF4001A6861 /* emoji_icon_switchtokeyboard@3x.png in Resources */ = {isa = PBXBuildFile; fileRef = 80291C431DFA5CF4001A6861 /* emoji_icon_switchtokeyboard@3x.png */; };
		80291C5D1DFA5CF4001A6861 /* emoji_icon_symbols@2x.png in Resources */ = {isa = PBXBuildFile; fileRef = 80291C441DFA5CF4001A6861 /* emoji_icon_symbols@2x.png */; };
		80291C5E1DFA5CF4001A6861 /* emoji_icon_symbols@3x.png in Resources */ = {isa = PBXBuildFile; fileRef = 80291C451DFA5CF4001A6861 /* emoji_icon_symbols@3x.png */; };
		80291C5F1DFA5CF4001A6861 /* emoji_icon_travel@2x.png in Resources */ = {isa = PBXBuildFile; fileRef = 80291C461DFA5CF4001A6861 /* emoji_icon_travel@2x.png */; };
		80291C601DFA5CF4001A6861 /* emoji_icon_travel@3x.png in Resources */ = {isa = PBXBuildFile; fileRef = 80291C471DFA5CF4001A6861 /* emoji_icon_travel@3x.png */; };
		808FABE51DF2B39A00B7A640 /* TestLayoutFramework.m in Sources */ = {isa = PBXBuildFile; fileRef = 808FABE41DF2B39A00B7A640 /* TestLayoutFramework.m */; };
		808FABE81DF2B4F700B7A640 /* TestCollectionView.m in Sources */ = {isa = PBXBuildFile; fileRef = 808FABE71DF2B4F700B7A640 /* TestCollectionView.m */; };
		808FABEB1DF508E600B7A640 /* TestBottomTabbar.m in Sources */ = {isa = PBXBuildFile; fileRef = 808FABEA1DF508E600B7A640 /* TestBottomTabbar.m */; };
		808FABEE1DF5091700B7A640 /* TestSegment.m in Sources */ = {isa = PBXBuildFile; fileRef = 808FABED1DF5091700B7A640 /* TestSegment.m */; };
		80C9DACE1DF7F05A00F5780B /* TestMultiSectionTableView.m in Sources */ = {isa = PBXBuildFile; fileRef = 80C9DACD1DF7F05A00F5780B /* TestMultiSectionTableView.m */; };
		80DA030C1E00DEAA00183345 /* TestPopup.m in Sources */ = {isa = PBXBuildFile; fileRef = 80DA030B1E00DEAA00183345 /* TestPopup.m */; };
		80DA030F1E00ECBB00183345 /* TestWKWebview.m in Sources */ = {isa = PBXBuildFile; fileRef = 80DA030E1E00ECBB00183345 /* TestWKWebview.m */; };
		80E707E21DFE80B9005CCB8D /* TestEmoji.m in Sources */ = {isa = PBXBuildFile; fileRef = 80E707E11DFE80B9005CCB8D /* TestEmoji.m */; };
		80EC74C01DEBCF1E000DF15F /* main.m in Sources */ = {isa = PBXBuildFile; fileRef = 80EC74BF1DEBCF1E000DF15F /* main.m */; };
		80EC74C31DEBCF1E000DF15F /* AppDelegate.m in Sources */ = {isa = PBXBuildFile; fileRef = 80EC74C21DEBCF1E000DF15F /* AppDelegate.m */; };
		80EC74C61DEBCF1E000DF15F /* ViewController.m in Sources */ = {isa = PBXBuildFile; fileRef = 80EC74C51DEBCF1E000DF15F /* ViewController.m */; };
		80EC74C91DEBCF1E000DF15F /* Main.storyboard in Resources */ = {isa = PBXBuildFile; fileRef = 80EC74C71DEBCF1E000DF15F /* Main.storyboard */; };
		80EC74CB1DEBCF1E000DF15F /* Assets.xcassets in Resources */ = {isa = PBXBuildFile; fileRef = 80EC74CA1DEBCF1E000DF15F /* Assets.xcassets */; };
		80EC74CE1DEBCF1E000DF15F /* LaunchScreen.storyboard in Resources */ = {isa = PBXBuildFile; fileRef = 80EC74CC1DEBCF1E000DF15F /* LaunchScreen.storyboard */; };
/* End PBXBuildFile section */

/* Begin PBXFileReference section */
		094B711D148B44A40DEBA5E2 /* Pods-LEUIMaker_Test.release.xcconfig */ = {isa = PBXFileReference; includeInIndex = 1; lastKnownFileType = text.xcconfig; name = "Pods-LEUIMaker_Test.release.xcconfig"; path = "Pods/Target Support Files/Pods-LEUIMaker_Test/Pods-LEUIMaker_Test.release.xcconfig"; sourceTree = "<group>"; };
		6003F58D195388D20070C39A /* Foundation.framework */ = {isa = PBXFileReference; lastKnownFileType = wrapper.framework; name = Foundation.framework; path = System/Library/Frameworks/Foundation.framework; sourceTree = SDKROOT; };
		6003F58F195388D20070C39A /* CoreGraphics.framework */ = {isa = PBXFileReference; lastKnownFileType = wrapper.framework; name = CoreGraphics.framework; path = System/Library/Frameworks/CoreGraphics.framework; sourceTree = SDKROOT; };
		6003F591195388D20070C39A /* UIKit.framework */ = {isa = PBXFileReference; lastKnownFileType = wrapper.framework; name = UIKit.framework; path = System/Library/Frameworks/UIKit.framework; sourceTree = SDKROOT; };
		73BF992F1F8C8A02657F0B5D /* LEUIMaker.podspec */ = {isa = PBXFileReference; includeInIndex = 1; lastKnownFileType = text; name = LEUIMaker.podspec; path = ../LEUIMaker.podspec; sourceTree = "<group>"; };
		8026F90A1DEE7A500087E88A /* navi_back_gray@3x.png */ = {isa = PBXFileReference; lastKnownFileType = image.png; path = "navi_back_gray@3x.png"; sourceTree = "<group>"; };
		8026F90B1DEE7A500087E88A /* navi_back_gray@2x.png */ = {isa = PBXFileReference; lastKnownFileType = image.png; path = "navi_back_gray@2x.png"; sourceTree = "<group>"; };
		8026F90E1DEE80E50087E88A /* common_arrow_gray@3x.png */ = {isa = PBXFileReference; lastKnownFileType = image.png; path = "common_arrow_gray@3x.png"; sourceTree = "<group>"; };
		8026F90F1DEE80E50087E88A /* common_arrow_gray@2x.png */ = {isa = PBXFileReference; lastKnownFileType = image.png; path = "common_arrow_gray@2x.png"; sourceTree = "<group>"; };
		80291C2D1DFA5CF4001A6861 /* LEEmoji.h */ = {isa = PBXFileReference; fileEncoding = 4; lastKnownFileType = sourcecode.c.h; path = LEEmoji.h; sourceTree = "<group>"; };
		80291C2E1DFA5CF4001A6861 /* LEEmoji.m */ = {isa = PBXFileReference; fileEncoding = 4; lastKnownFileType = sourcecode.c.objc; path = LEEmoji.m; sourceTree = "<group>"; };
		80291C301DFA5CF4001A6861 /* emoji_icon_activity@2x.png */ = {isa = PBXFileReference; lastKnownFileType = image.png; path = "emoji_icon_activity@2x.png"; sourceTree = "<group>"; };
		80291C311DFA5CF4001A6861 /* emoji_icon_activity@3x.png */ = {isa = PBXFileReference; lastKnownFileType = image.png; path = "emoji_icon_activity@3x.png"; sourceTree = "<group>"; };
		80291C321DFA5CF4001A6861 /* emoji_icon_animals@2x.png */ = {isa = PBXFileReference; lastKnownFileType = image.png; path = "emoji_icon_animals@2x.png"; sourceTree = "<group>"; };
		80291C331DFA5CF4001A6861 /* emoji_icon_animals@3x.png */ = {isa = PBXFileReference; lastKnownFileType = image.png; path = "emoji_icon_animals@3x.png"; sourceTree = "<group>"; };
		80291C341DFA5CF4001A6861 /* emoji_icon_delete@2x.png */ = {isa = PBXFileReference; lastKnownFileType = image.png; path = "emoji_icon_delete@2x.png"; sourceTree = "<group>"; };
		80291C351DFA5CF4001A6861 /* emoji_icon_delete@3x.png */ = {isa = PBXFileReference; lastKnownFileType = image.png; path = "emoji_icon_delete@3x.png"; sourceTree = "<group>"; };
		80291C361DFA5CF4001A6861 /* emoji_icon_flags@2x.png */ = {isa = PBXFileReference; lastKnownFileType = image.png; path = "emoji_icon_flags@2x.png"; sourceTree = "<group>"; };
		80291C371DFA5CF4001A6861 /* emoji_icon_flags@3x.png */ = {isa = PBXFileReference; lastKnownFileType = image.png; path = "emoji_icon_flags@3x.png"; sourceTree = "<group>"; };
		80291C381DFA5CF4001A6861 /* emoji_icon_food@2x.png */ = {isa = PBXFileReference; lastKnownFileType = image.png; path = "emoji_icon_food@2x.png"; sourceTree = "<group>"; };
		80291C391DFA5CF4001A6861 /* emoji_icon_food@3x.png */ = {isa = PBXFileReference; lastKnownFileType = image.png; path = "emoji_icon_food@3x.png"; sourceTree = "<group>"; };
		80291C3A1DFA5CF4001A6861 /* emoji_icon_history@2x.png */ = {isa = PBXFileReference; lastKnownFileType = image.png; path = "emoji_icon_history@2x.png"; sourceTree = "<group>"; };
		80291C3B1DFA5CF4001A6861 /* emoji_icon_history@3x.png */ = {isa = PBXFileReference; lastKnownFileType = image.png; path = "emoji_icon_history@3x.png"; sourceTree = "<group>"; };
		80291C3C1DFA5CF4001A6861 /* emoji_icon_objects@2x.png */ = {isa = PBXFileReference; lastKnownFileType = image.png; path = "emoji_icon_objects@2x.png"; sourceTree = "<group>"; };
		80291C3D1DFA5CF4001A6861 /* emoji_icon_objects@3x.png */ = {isa = PBXFileReference; lastKnownFileType = image.png; path = "emoji_icon_objects@3x.png"; sourceTree = "<group>"; };
		80291C3E1DFA5CF4001A6861 /* emoji_icon_smileys@2x.png */ = {isa = PBXFileReference; lastKnownFileType = image.png; path = "emoji_icon_smileys@2x.png"; sourceTree = "<group>"; };
		80291C3F1DFA5CF4001A6861 /* emoji_icon_smileys@3x.png */ = {isa = PBXFileReference; lastKnownFileType = image.png; path = "emoji_icon_smileys@3x.png"; sourceTree = "<group>"; };
		80291C401DFA5CF4001A6861 /* emoji_icon_switchtoemoji@2x.png */ = {isa = PBXFileReference; lastKnownFileType = image.png; path = "emoji_icon_switchtoemoji@2x.png"; sourceTree = "<group>"; };
		80291C411DFA5CF4001A6861 /* emoji_icon_switchtoemoji@3x.png */ = {isa = PBXFileReference; lastKnownFileType = image.png; path = "emoji_icon_switchtoemoji@3x.png"; sourceTree = "<group>"; };
		80291C421DFA5CF4001A6861 /* emoji_icon_switchtokeyboard@2x.png */ = {isa = PBXFileReference; lastKnownFileType = image.png; path = "emoji_icon_switchtokeyboard@2x.png"; sourceTree = "<group>"; };
		80291C431DFA5CF4001A6861 /* emoji_icon_switchtokeyboard@3x.png */ = {isa = PBXFileReference; lastKnownFileType = image.png; path = "emoji_icon_switchtokeyboard@3x.png"; sourceTree = "<group>"; };
		80291C441DFA5CF4001A6861 /* emoji_icon_symbols@2x.png */ = {isa = PBXFileReference; lastKnownFileType = image.png; path = "emoji_icon_symbols@2x.png"; sourceTree = "<group>"; };
		80291C451DFA5CF4001A6861 /* emoji_icon_symbols@3x.png */ = {isa = PBXFileReference; lastKnownFileType = image.png; path = "emoji_icon_symbols@3x.png"; sourceTree = "<group>"; };
		80291C461DFA5CF4001A6861 /* emoji_icon_travel@2x.png */ = {isa = PBXFileReference; lastKnownFileType = image.png; path = "emoji_icon_travel@2x.png"; sourceTree = "<group>"; };
		80291C471DFA5CF4001A6861 /* emoji_icon_travel@3x.png */ = {isa = PBXFileReference; lastKnownFileType = image.png; path = "emoji_icon_travel@3x.png"; sourceTree = "<group>"; };
		808FABE31DF2B39A00B7A640 /* TestLayoutFramework.h */ = {isa = PBXFileReference; fileEncoding = 4; lastKnownFileType = sourcecode.c.h; path = TestLayoutFramework.h; sourceTree = "<group>"; };
		808FABE41DF2B39A00B7A640 /* TestLayoutFramework.m */ = {isa = PBXFileReference; fileEncoding = 4; lastKnownFileType = sourcecode.c.objc; path = TestLayoutFramework.m; sourceTree = "<group>"; };
		808FABE61DF2B4F700B7A640 /* TestCollectionView.h */ = {isa = PBXFileReference; fileEncoding = 4; lastKnownFileType = sourcecode.c.h; path = TestCollectionView.h; sourceTree = "<group>"; };
		808FABE71DF2B4F700B7A640 /* TestCollectionView.m */ = {isa = PBXFileReference; fileEncoding = 4; lastKnownFileType = sourcecode.c.objc; path = TestCollectionView.m; sourceTree = "<group>"; };
		808FABE91DF508E600B7A640 /* TestBottomTabbar.h */ = {isa = PBXFileReference; fileEncoding = 4; lastKnownFileType = sourcecode.c.h; path = TestBottomTabbar.h; sourceTree = "<group>"; };
		808FABEA1DF508E600B7A640 /* TestBottomTabbar.m */ = {isa = PBXFileReference; fileEncoding = 4; lastKnownFileType = sourcecode.c.objc; path = TestBottomTabbar.m; sourceTree = "<group>"; };
		808FABEC1DF5091700B7A640 /* TestSegment.h */ = {isa = PBXFileReference; fileEncoding = 4; lastKnownFileType = sourcecode.c.h; path = TestSegment.h; sourceTree = "<group>"; };
		808FABED1DF5091700B7A640 /* TestSegment.m */ = {isa = PBXFileReference; fileEncoding = 4; lastKnownFileType = sourcecode.c.objc; path = TestSegment.m; sourceTree = "<group>"; };
		80C9DACC1DF7F05A00F5780B /* TestMultiSectionTableView.h */ = {isa = PBXFileReference; fileEncoding = 4; lastKnownFileType = sourcecode.c.h; path = TestMultiSectionTableView.h; sourceTree = "<group>"; };
		80C9DACD1DF7F05A00F5780B /* TestMultiSectionTableView.m */ = {isa = PBXFileReference; fileEncoding = 4; lastKnownFileType = sourcecode.c.objc; path = TestMultiSectionTableView.m; sourceTree = "<group>"; };
		80DA030A1E00DEAA00183345 /* TestPopup.h */ = {isa = PBXFileReference; fileEncoding = 4; lastKnownFileType = sourcecode.c.h; path = TestPopup.h; sourceTree = "<group>"; };
		80DA030B1E00DEAA00183345 /* TestPopup.m */ = {isa = PBXFileReference; fileEncoding = 4; lastKnownFileType = sourcecode.c.objc; path = TestPopup.m; sourceTree = "<group>"; };
		80DA030D1E00ECBB00183345 /* TestWKWebview.h */ = {isa = PBXFileReference; fileEncoding = 4; lastKnownFileType = sourcecode.c.h; path = TestWKWebview.h; sourceTree = "<group>"; };
		80DA030E1E00ECBB00183345 /* TestWKWebview.m */ = {isa = PBXFileReference; fileEncoding = 4; lastKnownFileType = sourcecode.c.objc; path = TestWKWebview.m; sourceTree = "<group>"; };
		80E707E01DFE80B9005CCB8D /* TestEmoji.h */ = {isa = PBXFileReference; fileEncoding = 4; lastKnownFileType = sourcecode.c.h; path = TestEmoji.h; sourceTree = "<group>"; };
		80E707E11DFE80B9005CCB8D /* TestEmoji.m */ = {isa = PBXFileReference; fileEncoding = 4; lastKnownFileType = sourcecode.c.objc; path = TestEmoji.m; sourceTree = "<group>"; };
		80EC74BC1DEBCF1E000DF15F /* LEUIMaker_Test.app */ = {isa = PBXFileReference; explicitFileType = wrapper.application; includeInIndex = 0; path = LEUIMaker_Test.app; sourceTree = BUILT_PRODUCTS_DIR; };
		80EC74BF1DEBCF1E000DF15F /* main.m */ = {isa = PBXFileReference; lastKnownFileType = sourcecode.c.objc; path = main.m; sourceTree = "<group>"; };
		80EC74C11DEBCF1E000DF15F /* AppDelegate.h */ = {isa = PBXFileReference; lastKnownFileType = sourcecode.c.h; path = AppDelegate.h; sourceTree = "<group>"; };
		80EC74C21DEBCF1E000DF15F /* AppDelegate.m */ = {isa = PBXFileReference; lastKnownFileType = sourcecode.c.objc; path = AppDelegate.m; sourceTree = "<group>"; };
		80EC74C41DEBCF1E000DF15F /* ViewController.h */ = {isa = PBXFileReference; lastKnownFileType = sourcecode.c.h; path = ViewController.h; sourceTree = "<group>"; };
		80EC74C51DEBCF1E000DF15F /* ViewController.m */ = {isa = PBXFileReference; lastKnownFileType = sourcecode.c.objc; path = ViewController.m; sourceTree = "<group>"; };
		80EC74C81DEBCF1E000DF15F /* Base */ = {isa = PBXFileReference; lastKnownFileType = file.storyboard; name = Base; path = Base.lproj/Main.storyboard; sourceTree = "<group>"; };
		80EC74CA1DEBCF1E000DF15F /* Assets.xcassets */ = {isa = PBXFileReference; lastKnownFileType = folder.assetcatalog; path = Assets.xcassets; sourceTree = "<group>"; };
		80EC74CD1DEBCF1E000DF15F /* Base */ = {isa = PBXFileReference; lastKnownFileType = file.storyboard; name = Base; path = Base.lproj/LaunchScreen.storyboard; sourceTree = "<group>"; };
		80EC74CF1DEBCF1E000DF15F /* Info.plist */ = {isa = PBXFileReference; lastKnownFileType = text.plist.xml; path = Info.plist; sourceTree = "<group>"; };
		B3147DB60D8CE4FD3058A66C /* LICENSE */ = {isa = PBXFileReference; includeInIndex = 1; lastKnownFileType = text; name = LICENSE; path = ../LICENSE; sourceTree = "<group>"; };
		C3D7E9EA8F48293F237E9E06 /* Pods_LEUIMaker_Test.framework */ = {isa = PBXFileReference; explicitFileType = wrapper.framework; includeInIndex = 0; path = Pods_LEUIMaker_Test.framework; sourceTree = BUILT_PRODUCTS_DIR; };
		D389AC1B7B76AF7335E7D205 /* Pods-LEUIMaker_Test.debug.xcconfig */ = {isa = PBXFileReference; includeInIndex = 1; lastKnownFileType = text.xcconfig; name = "Pods-LEUIMaker_Test.debug.xcconfig"; path = "Pods/Target Support Files/Pods-LEUIMaker_Test/Pods-LEUIMaker_Test.debug.xcconfig"; sourceTree = "<group>"; };
		DC7D27C24321ECB1DF9E7483 /* README.md */ = {isa = PBXFileReference; includeInIndex = 1; lastKnownFileType = net.daringfireball.markdown; name = README.md; path = ../README.md; sourceTree = "<group>"; };
/* End PBXFileReference section */

/* Begin PBXFrameworksBuildPhase section */
		80EC74B91DEBCF1E000DF15F /* Frameworks */ = {
			isa = PBXFrameworksBuildPhase;
			buildActionMask = 2147483647;
			files = (
				14242AD7CF1C3E4EFD45D715 /* Pods_LEUIMaker_Test.framework in Frameworks */,
			);
			runOnlyForDeploymentPostprocessing = 0;
		};
/* End PBXFrameworksBuildPhase section */

/* Begin PBXGroup section */
		6003F581195388D10070C39A = {
			isa = PBXGroup;
			children = (
				60FF7A9C1954A5C5007DD14C /* Podspec Metadata */,
				80EC74BD1DEBCF1E000DF15F /* LEUIMaker_Test */,
				6003F58C195388D20070C39A /* Frameworks */,
				6003F58B195388D20070C39A /* Products */,
				AF119F0E636DFEE711A697E7 /* Pods */,
			);
			sourceTree = "<group>";
		};
		6003F58B195388D20070C39A /* Products */ = {
			isa = PBXGroup;
			children = (
				80EC74BC1DEBCF1E000DF15F /* LEUIMaker_Test.app */,
			);
			name = Products;
			sourceTree = "<group>";
		};
		6003F58C195388D20070C39A /* Frameworks */ = {
			isa = PBXGroup;
			children = (
				6003F58D195388D20070C39A /* Foundation.framework */,
				6003F58F195388D20070C39A /* CoreGraphics.framework */,
				6003F591195388D20070C39A /* UIKit.framework */,
				C3D7E9EA8F48293F237E9E06 /* Pods_LEUIMaker_Test.framework */,
			);
			name = Frameworks;
			sourceTree = "<group>";
		};
		60FF7A9C1954A5C5007DD14C /* Podspec Metadata */ = {
			isa = PBXGroup;
			children = (
				73BF992F1F8C8A02657F0B5D /* LEUIMaker.podspec */,
				DC7D27C24321ECB1DF9E7483 /* README.md */,
				B3147DB60D8CE4FD3058A66C /* LICENSE */,
			);
			name = "Podspec Metadata";
			sourceTree = "<group>";
		};
		80291C2C1DFA5CF4001A6861 /* LEEmoji */ = {
			isa = PBXGroup;
			children = (
				80291C2D1DFA5CF4001A6861 /* LEEmoji.h */,
				80291C2E1DFA5CF4001A6861 /* LEEmoji.m */,
				80291C2F1DFA5CF4001A6861 /* Res */,
			);
			path = LEEmoji;
			sourceTree = "<group>";
		};
		80291C2F1DFA5CF4001A6861 /* Res */ = {
			isa = PBXGroup;
			children = (
				80291C301DFA5CF4001A6861 /* emoji_icon_activity@2x.png */,
				80291C311DFA5CF4001A6861 /* emoji_icon_activity@3x.png */,
				80291C321DFA5CF4001A6861 /* emoji_icon_animals@2x.png */,
				80291C331DFA5CF4001A6861 /* emoji_icon_animals@3x.png */,
				80291C341DFA5CF4001A6861 /* emoji_icon_delete@2x.png */,
				80291C351DFA5CF4001A6861 /* emoji_icon_delete@3x.png */,
				80291C361DFA5CF4001A6861 /* emoji_icon_flags@2x.png */,
				80291C371DFA5CF4001A6861 /* emoji_icon_flags@3x.png */,
				80291C381DFA5CF4001A6861 /* emoji_icon_food@2x.png */,
				80291C391DFA5CF4001A6861 /* emoji_icon_food@3x.png */,
				80291C3A1DFA5CF4001A6861 /* emoji_icon_history@2x.png */,
				80291C3B1DFA5CF4001A6861 /* emoji_icon_history@3x.png */,
				80291C3C1DFA5CF4001A6861 /* emoji_icon_objects@2x.png */,
				80291C3D1DFA5CF4001A6861 /* emoji_icon_objects@3x.png */,
				80291C3E1DFA5CF4001A6861 /* emoji_icon_smileys@2x.png */,
				80291C3F1DFA5CF4001A6861 /* emoji_icon_smileys@3x.png */,
				80291C401DFA5CF4001A6861 /* emoji_icon_switchtoemoji@2x.png */,
				80291C411DFA5CF4001A6861 /* emoji_icon_switchtoemoji@3x.png */,
				80291C421DFA5CF4001A6861 /* emoji_icon_switchtokeyboard@2x.png */,
				80291C431DFA5CF4001A6861 /* emoji_icon_switchtokeyboard@3x.png */,
				80291C441DFA5CF4001A6861 /* emoji_icon_symbols@2x.png */,
				80291C451DFA5CF4001A6861 /* emoji_icon_symbols@3x.png */,
				80291C461DFA5CF4001A6861 /* emoji_icon_travel@2x.png */,
				80291C471DFA5CF4001A6861 /* emoji_icon_travel@3x.png */,
			);
			path = Res;
			sourceTree = "<group>";
		};
		808FABE21DF2B36E00B7A640 /* Demos */ = {
			isa = PBXGroup;
			children = (
				808FABE31DF2B39A00B7A640 /* TestLayoutFramework.h */,
				808FABE41DF2B39A00B7A640 /* TestLayoutFramework.m */,
				808FABE61DF2B4F700B7A640 /* TestCollectionView.h */,
				808FABE71DF2B4F700B7A640 /* TestCollectionView.m */,
				808FABE91DF508E600B7A640 /* TestBottomTabbar.h */,
				808FABEA1DF508E600B7A640 /* TestBottomTabbar.m */,
				808FABEC1DF5091700B7A640 /* TestSegment.h */,
				808FABED1DF5091700B7A640 /* TestSegment.m */,
				80C9DACC1DF7F05A00F5780B /* TestMultiSectionTableView.h */,
				80C9DACD1DF7F05A00F5780B /* TestMultiSectionTableView.m */,
				80E707E01DFE80B9005CCB8D /* TestEmoji.h */,
				80E707E11DFE80B9005CCB8D /* TestEmoji.m */,
				80DA030A1E00DEAA00183345 /* TestPopup.h */,
				80DA030B1E00DEAA00183345 /* TestPopup.m */,
				80DA030D1E00ECBB00183345 /* TestWKWebview.h */,
				80DA030E1E00ECBB00183345 /* TestWKWebview.m */,
			);
			path = Demos;
			sourceTree = "<group>";
		};
		80EC74BD1DEBCF1E000DF15F /* LEUIMaker_Test */ = {
			isa = PBXGroup;
			children = (
				80291C2C1DFA5CF4001A6861 /* LEEmoji */,
				8026F90A1DEE7A500087E88A /* navi_back_gray@3x.png */,
				8026F90B1DEE7A500087E88A /* navi_back_gray@2x.png */,
				8026F90E1DEE80E50087E88A /* common_arrow_gray@3x.png */,
				8026F90F1DEE80E50087E88A /* common_arrow_gray@2x.png */,
				80EC74C11DEBCF1E000DF15F /* AppDelegate.h */,
				80EC74C21DEBCF1E000DF15F /* AppDelegate.m */,
				80EC74C41DEBCF1E000DF15F /* ViewController.h */,
				80EC74C51DEBCF1E000DF15F /* ViewController.m */,
				808FABE21DF2B36E00B7A640 /* Demos */,
				80EC74C71DEBCF1E000DF15F /* Main.storyboard */,
				80EC74CA1DEBCF1E000DF15F /* Assets.xcassets */,
				80EC74CC1DEBCF1E000DF15F /* LaunchScreen.storyboard */,
				80EC74CF1DEBCF1E000DF15F /* Info.plist */,
				80EC74BE1DEBCF1E000DF15F /* Supporting Files */,
			);
			path = LEUIMaker_Test;
			sourceTree = "<group>";
		};
		80EC74BE1DEBCF1E000DF15F /* Supporting Files */ = {
			isa = PBXGroup;
			children = (
				80EC74BF1DEBCF1E000DF15F /* main.m */,
			);
			name = "Supporting Files";
			sourceTree = "<group>";
		};
		AF119F0E636DFEE711A697E7 /* Pods */ = {
			isa = PBXGroup;
			children = (
				D389AC1B7B76AF7335E7D205 /* Pods-LEUIMaker_Test.debug.xcconfig */,
				094B711D148B44A40DEBA5E2 /* Pods-LEUIMaker_Test.release.xcconfig */,
			);
			name = Pods;
			sourceTree = "<group>";
		};
/* End PBXGroup section */

/* Begin PBXNativeTarget section */
		80EC74BB1DEBCF1E000DF15F /* LEUIMaker_Test */ = {
			isa = PBXNativeTarget;
			buildConfigurationList = 80EC74D21DEBCF1E000DF15F /* Build configuration list for PBXNativeTarget "LEUIMaker_Test" */;
			buildPhases = (
				0E1A7BD8FCCDE949F16628C8 /* [CP] Check Pods Manifest.lock */,
				80EC74B81DEBCF1E000DF15F /* Sources */,
				80EC74B91DEBCF1E000DF15F /* Frameworks */,
				80EC74BA1DEBCF1E000DF15F /* Resources */,
				4F7B2AF3EBFEAD978E28A366 /* [CP] Embed Pods Frameworks */,
				C78DBC45C8260958B26A434F /* [CP] Copy Pods Resources */,
			);
			buildRules = (
			);
			dependencies = (
			);
			name = LEUIMaker_Test;
			productName = LEUIMaker_Test;
			productReference = 80EC74BC1DEBCF1E000DF15F /* LEUIMaker_Test.app */;
			productType = "com.apple.product-type.application";
		};
/* End PBXNativeTarget section */

/* Begin PBXProject section */
		6003F582195388D10070C39A /* Project object */ = {
			isa = PBXProject;
			attributes = {
				CLASSPREFIX = LE;
				LastUpgradeCheck = 0810;
				ORGANIZATIONNAME = LarryEmerson;
				TargetAttributes = {
					80EC74BB1DEBCF1E000DF15F = {
						CreatedOnToolsVersion = 8.1;
						DevelopmentTeam = V96P5GMK4T;
						ProvisioningStyle = Automatic;
					};
				};
			};
			buildConfigurationList = 6003F585195388D10070C39A /* Build configuration list for PBXProject "LEUIMaker" */;
			compatibilityVersion = "Xcode 3.2";
			developmentRegion = English;
			hasScannedForEncodings = 0;
			knownRegions = (
				en,
				Base,
			);
			mainGroup = 6003F581195388D10070C39A;
			productRefGroup = 6003F58B195388D20070C39A /* Products */;
			projectDirPath = "";
			projectRoot = "";
			targets = (
				80EC74BB1DEBCF1E000DF15F /* LEUIMaker_Test */,
			);
		};
/* End PBXProject section */

/* Begin PBXResourcesBuildPhase section */
		80EC74BA1DEBCF1E000DF15F /* Resources */ = {
			isa = PBXResourcesBuildPhase;
			buildActionMask = 2147483647;
			files = (
				80EC74CE1DEBCF1E000DF15F /* LaunchScreen.storyboard in Resources */,
				80291C581DFA5CF4001A6861 /* emoji_icon_smileys@3x.png in Resources */,
				80291C5D1DFA5CF4001A6861 /* emoji_icon_symbols@2x.png in Resources */,
				80291C531DFA5CF4001A6861 /* emoji_icon_history@2x.png in Resources */,
				80291C5F1DFA5CF4001A6861 /* emoji_icon_travel@2x.png in Resources */,
				80291C521DFA5CF4001A6861 /* emoji_icon_food@3x.png in Resources */,
				80291C501DFA5CF4001A6861 /* emoji_icon_flags@3x.png in Resources */,
				80291C5E1DFA5CF4001A6861 /* emoji_icon_symbols@3x.png in Resources */,
				80EC74CB1DEBCF1E000DF15F /* Assets.xcassets in Resources */,
				80291C571DFA5CF4001A6861 /* emoji_icon_smileys@2x.png in Resources */,
				80291C4F1DFA5CF4001A6861 /* emoji_icon_flags@2x.png in Resources */,
				80291C4B1DFA5CF4001A6861 /* emoji_icon_animals@2x.png in Resources */,
				80291C4E1DFA5CF4001A6861 /* emoji_icon_delete@3x.png in Resources */,
				80291C511DFA5CF4001A6861 /* emoji_icon_food@2x.png in Resources */,
				80EC74C91DEBCF1E000DF15F /* Main.storyboard in Resources */,
				80291C561DFA5CF4001A6861 /* emoji_icon_objects@3x.png in Resources */,
				80291C5C1DFA5CF4001A6861 /* emoji_icon_switchtokeyboard@3x.png in Resources */,
				8026F90D1DEE7A500087E88A /* navi_back_gray@2x.png in Resources */,
				80291C5A1DFA5CF4001A6861 /* emoji_icon_switchtoemoji@3x.png in Resources */,
				80291C541DFA5CF4001A6861 /* emoji_icon_history@3x.png in Resources */,
				80291C4A1DFA5CF4001A6861 /* emoji_icon_activity@3x.png in Resources */,
				80291C591DFA5CF4001A6861 /* emoji_icon_switchtoemoji@2x.png in Resources */,
				80291C5B1DFA5CF4001A6861 /* emoji_icon_switchtokeyboard@2x.png in Resources */,
				8026F9111DEE80E50087E88A /* common_arrow_gray@2x.png in Resources */,
				80291C4D1DFA5CF4001A6861 /* emoji_icon_delete@2x.png in Resources */,
				80291C551DFA5CF4001A6861 /* emoji_icon_objects@2x.png in Resources */,
				8026F90C1DEE7A500087E88A /* navi_back_gray@3x.png in Resources */,
				8026F9101DEE80E50087E88A /* common_arrow_gray@3x.png in Resources */,
				80291C4C1DFA5CF4001A6861 /* emoji_icon_animals@3x.png in Resources */,
				80291C601DFA5CF4001A6861 /* emoji_icon_travel@3x.png in Resources */,
				80291C491DFA5CF4001A6861 /* emoji_icon_activity@2x.png in Resources */,
			);
			runOnlyForDeploymentPostprocessing = 0;
		};
/* End PBXResourcesBuildPhase section */

/* Begin PBXShellScriptBuildPhase section */
		0E1A7BD8FCCDE949F16628C8 /* [CP] Check Pods Manifest.lock */ = {
			isa = PBXShellScriptBuildPhase;
			buildActionMask = 2147483647;
			files = (
			);
			inputPaths = (
			);
			name = "[CP] Check Pods Manifest.lock";
			outputPaths = (
			);
			runOnlyForDeploymentPostprocessing = 0;
			shellPath = /bin/sh;
			shellScript = "diff \"${PODS_ROOT}/../Podfile.lock\" \"${PODS_ROOT}/Manifest.lock\" > /dev/null\nif [ $? != 0 ] ; then\n    # print error to STDERR\n    echo \"error: The sandbox is not in sync with the Podfile.lock. Run 'pod install' or update your CocoaPods installation.\" >&2\n    exit 1\nfi\n";
			showEnvVarsInLog = 0;
		};
		4F7B2AF3EBFEAD978E28A366 /* [CP] Embed Pods Frameworks */ = {
			isa = PBXShellScriptBuildPhase;
			buildActionMask = 2147483647;
			files = (
			);
			inputPaths = (
			);
			name = "[CP] Embed Pods Frameworks";
			outputPaths = (
			);
			runOnlyForDeploymentPostprocessing = 0;
			shellPath = /bin/sh;
			shellScript = "\"${SRCROOT}/Pods/Target Support Files/Pods-LEUIMaker_Test/Pods-LEUIMaker_Test-frameworks.sh\"\n";
			showEnvVarsInLog = 0;
		};
		C78DBC45C8260958B26A434F /* [CP] Copy Pods Resources */ = {
			isa = PBXShellScriptBuildPhase;
			buildActionMask = 2147483647;
			files = (
			);
			inputPaths = (
			);
			name = "[CP] Copy Pods Resources";
			outputPaths = (
			);
			runOnlyForDeploymentPostprocessing = 0;
			shellPath = /bin/sh;
			shellScript = "\"${SRCROOT}/Pods/Target Support Files/Pods-LEUIMaker_Test/Pods-LEUIMaker_Test-resources.sh\"\n";
			showEnvVarsInLog = 0;
		};
/* End PBXShellScriptBuildPhase section */

/* Begin PBXSourcesBuildPhase section */
		80EC74B81DEBCF1E000DF15F /* Sources */ = {
			isa = PBXSourcesBuildPhase;
			buildActionMask = 2147483647;
			files = (
				808FABE51DF2B39A00B7A640 /* TestLayoutFramework.m in Sources */,
				80C9DACE1DF7F05A00F5780B /* TestMultiSectionTableView.m in Sources */,
				808FABE81DF2B4F700B7A640 /* TestCollectionView.m in Sources */,
				808FABEE1DF5091700B7A640 /* TestSegment.m in Sources */,
				808FABEB1DF508E600B7A640 /* TestBottomTabbar.m in Sources */,
				80EC74C61DEBCF1E000DF15F /* ViewController.m in Sources */,
				80DA030C1E00DEAA00183345 /* TestPopup.m in Sources */,
				80EC74C31DEBCF1E000DF15F /* AppDelegate.m in Sources */,
				80291C481DFA5CF4001A6861 /* LEEmoji.m in Sources */,
				80DA030F1E00ECBB00183345 /* TestWKWebview.m in Sources */,
				80E707E21DFE80B9005CCB8D /* TestEmoji.m in Sources */,
				80EC74C01DEBCF1E000DF15F /* main.m in Sources */,
			);
			runOnlyForDeploymentPostprocessing = 0;
		};
/* End PBXSourcesBuildPhase section */

/* Begin PBXVariantGroup section */
		80EC74C71DEBCF1E000DF15F /* Main.storyboard */ = {
			isa = PBXVariantGroup;
			children = (
				80EC74C81DEBCF1E000DF15F /* Base */,
			);
			name = Main.storyboard;
			sourceTree = "<group>";
		};
		80EC74CC1DEBCF1E000DF15F /* LaunchScreen.storyboard */ = {
			isa = PBXVariantGroup;
			children = (
				80EC74CD1DEBCF1E000DF15F /* Base */,
			);
			name = LaunchScreen.storyboard;
			sourceTree = "<group>";
		};
/* End PBXVariantGroup section */

/* Begin XCBuildConfiguration section */
		6003F5BD195388D20070C39A /* Debug */ = {
			isa = XCBuildConfiguration;
			buildSettings = {
				ALWAYS_SEARCH_USER_PATHS = NO;
				CLANG_CXX_LANGUAGE_STANDARD = "gnu++0x";
				CLANG_CXX_LIBRARY = "libc++";
				CLANG_ENABLE_MODULES = YES;
				CLANG_ENABLE_OBJC_ARC = YES;
				CLANG_WARN_BOOL_CONVERSION = YES;
				CLANG_WARN_CONSTANT_CONVERSION = YES;
				CLANG_WARN_DIRECT_OBJC_ISA_USAGE = YES_ERROR;
				CLANG_WARN_EMPTY_BODY = YES;
				CLANG_WARN_ENUM_CONVERSION = YES;
				CLANG_WARN_INFINITE_RECURSION = YES;
				CLANG_WARN_INT_CONVERSION = YES;
				CLANG_WARN_OBJC_ROOT_CLASS = YES_ERROR;
				CLANG_WARN_SUSPICIOUS_MOVE = YES;
				CLANG_WARN_UNREACHABLE_CODE = YES;
				CLANG_WARN__DUPLICATE_METHOD_MATCH = YES;
				"CODE_SIGN_IDENTITY[sdk=iphoneos*]" = "iPhone Developer";
				COPY_PHASE_STRIP = NO;
				ENABLE_STRICT_OBJC_MSGSEND = YES;
				ENABLE_TESTABILITY = YES;
				GCC_C_LANGUAGE_STANDARD = gnu99;
				GCC_DYNAMIC_NO_PIC = NO;
				GCC_NO_COMMON_BLOCKS = YES;
				GCC_OPTIMIZATION_LEVEL = 0;
				GCC_PREPROCESSOR_DEFINITIONS = (
					"DEBUG=1",
					"$(inherited)",
				);
				GCC_SYMBOLS_PRIVATE_EXTERN = NO;
				GCC_WARN_64_TO_32_BIT_CONVERSION = YES;
				GCC_WARN_ABOUT_RETURN_TYPE = YES_ERROR;
				GCC_WARN_UNDECLARED_SELECTOR = YES;
				GCC_WARN_UNINITIALIZED_AUTOS = YES_AGGRESSIVE;
				GCC_WARN_UNUSED_FUNCTION = YES;
				GCC_WARN_UNUSED_VARIABLE = YES;
				IPHONEOS_DEPLOYMENT_TARGET = 8.3;
				ONLY_ACTIVE_ARCH = YES;
				SDKROOT = iphoneos;
				TARGETED_DEVICE_FAMILY = "1,2";
			};
			name = Debug;
		};
		6003F5BE195388D20070C39A /* Release */ = {
			isa = XCBuildConfiguration;
			buildSettings = {
				ALWAYS_SEARCH_USER_PATHS = NO;
				CLANG_CXX_LANGUAGE_STANDARD = "gnu++0x";
				CLANG_CXX_LIBRARY = "libc++";
				CLANG_ENABLE_MODULES = YES;
				CLANG_ENABLE_OBJC_ARC = YES;
				CLANG_WARN_BOOL_CONVERSION = YES;
				CLANG_WARN_CONSTANT_CONVERSION = YES;
				CLANG_WARN_DIRECT_OBJC_ISA_USAGE = YES_ERROR;
				CLANG_WARN_EMPTY_BODY = YES;
				CLANG_WARN_ENUM_CONVERSION = YES;
				CLANG_WARN_INFINITE_RECURSION = YES;
				CLANG_WARN_INT_CONVERSION = YES;
				CLANG_WARN_OBJC_ROOT_CLASS = YES_ERROR;
				CLANG_WARN_SUSPICIOUS_MOVE = YES;
				CLANG_WARN_UNREACHABLE_CODE = YES;
				CLANG_WARN__DUPLICATE_METHOD_MATCH = YES;
				"CODE_SIGN_IDENTITY[sdk=iphoneos*]" = "iPhone Developer";
				COPY_PHASE_STRIP = YES;
				ENABLE_NS_ASSERTIONS = NO;
				ENABLE_STRICT_OBJC_MSGSEND = YES;
				GCC_C_LANGUAGE_STANDARD = gnu99;
				GCC_NO_COMMON_BLOCKS = YES;
				GCC_WARN_64_TO_32_BIT_CONVERSION = YES;
				GCC_WARN_ABOUT_RETURN_TYPE = YES_ERROR;
				GCC_WARN_UNDECLARED_SELECTOR = YES;
				GCC_WARN_UNINITIALIZED_AUTOS = YES_AGGRESSIVE;
				GCC_WARN_UNUSED_FUNCTION = YES;
				GCC_WARN_UNUSED_VARIABLE = YES;
				IPHONEOS_DEPLOYMENT_TARGET = 8.3;
				SDKROOT = iphoneos;
				TARGETED_DEVICE_FAMILY = "1,2";
				VALIDATE_PRODUCT = YES;
			};
			name = Release;
		};
		80EC74D01DEBCF1E000DF15F /* Debug */ = {
			isa = XCBuildConfiguration;
			baseConfigurationReference = D389AC1B7B76AF7335E7D205 /* Pods-LEUIMaker_Test.debug.xcconfig */;
			buildSettings = {
				ASSETCATALOG_COMPILER_APPICON_NAME = AppIcon;
				CLANG_ANALYZER_NONNULL = YES;
				CLANG_WARN_DOCUMENTATION_COMMENTS = YES;
				CLANG_WARN_INFINITE_RECURSION = YES;
				CLANG_WARN_SUSPICIOUS_MOVES = YES;
				CLANG_WARN_UNREACHABLE_CODE = YES;
				DEBUG_INFORMATION_FORMAT = dwarf;
				DEVELOPMENT_TEAM = V96P5GMK4T;
				ENABLE_STRICT_OBJC_MSGSEND = YES;
				GCC_NO_COMMON_BLOCKS = YES;
				INFOPLIST_FILE = LEUIMaker_Test/Info.plist;
				IPHONEOS_DEPLOYMENT_TARGET = 8.0;
				LD_RUNPATH_SEARCH_PATHS = "$(inherited) @executable_path/Frameworks";
				MTL_ENABLE_DEBUG_INFO = YES;
				PRODUCT_BUNDLE_IDENTIFIER = com.360cbs.ticketlite;
				PRODUCT_NAME = "$(TARGET_NAME)";
			};
			name = Debug;
		};
		80EC74D11DEBCF1E000DF15F /* Release */ = {
			isa = XCBuildConfiguration;
			baseConfigurationReference = 094B711D148B44A40DEBA5E2 /* Pods-LEUIMaker_Test.release.xcconfig */;
			buildSettings = {
				ASSETCATALOG_COMPILER_APPICON_NAME = AppIcon;
				CLANG_ANALYZER_NONNULL = YES;
				CLANG_WARN_DOCUMENTATION_COMMENTS = YES;
				CLANG_WARN_INFINITE_RECURSION = YES;
				CLANG_WARN_SUSPICIOUS_MOVES = YES;
				CLANG_WARN_UNREACHABLE_CODE = YES;
				COPY_PHASE_STRIP = NO;
				DEBUG_INFORMATION_FORMAT = "dwarf-with-dsym";
				DEVELOPMENT_TEAM = V96P5GMK4T;
				ENABLE_STRICT_OBJC_MSGSEND = YES;
				GCC_NO_COMMON_BLOCKS = YES;
				INFOPLIST_FILE = LEUIMaker_Test/Info.plist;
				IPHONEOS_DEPLOYMENT_TARGET = 8.0;
				LD_RUNPATH_SEARCH_PATHS = "$(inherited) @executable_path/Frameworks";
				MTL_ENABLE_DEBUG_INFO = NO;
				PRODUCT_BUNDLE_IDENTIFIER = com.360cbs.ticketlite;
				PRODUCT_NAME = "$(TARGET_NAME)";
			};
			name = Release;
		};
/* End XCBuildConfiguration section */

/* Begin XCConfigurationList section */
		6003F585195388D10070C39A /* Build configuration list for PBXProject "LEUIMaker" */ = {
			isa = XCConfigurationList;
			buildConfigurations = (
				6003F5BD195388D20070C39A /* Debug */,
				6003F5BE195388D20070C39A /* Release */,
			);
			defaultConfigurationIsVisible = 0;
			defaultConfigurationName = Release;
		};
		80EC74D21DEBCF1E000DF15F /* Build configuration list for PBXNativeTarget "LEUIMaker_Test" */ = {
			isa = XCConfigurationList;
			buildConfigurations = (
				80EC74D01DEBCF1E000DF15F /* Debug */,
				80EC74D11DEBCF1E000DF15F /* Release */,
			);
			defaultConfigurationIsVisible = 0;
			defaultConfigurationName = Release;
		};
/* End XCConfigurationList section */
	};
	rootObject = 6003F582195388D10070C39A /* Project object */;
}
